{
  "name": "nextjs-todo-app",
  "version": "1.0.0",
  "lockfileVersion": 3,
  "requires": true,
  "packages": {
    "": {
      "name": "nextjs-todo-app",
      "version": "1.0.0",
      "dependencies": {
        "class-transformer": "0.5.1",
        "class-validator": "0.14.0",
        "next": "14.2.5",
        "react": "18.2.0",
        "react-dom": "18.2.0",
        "reflect-metadata": "0.2.1",
        "sqlite3": "5.1.7",
        "typeorm": "0.3.20"
      },
      "devDependencies": {
        "@types/class-validator": "0.14.0",
        "@types/node": "20.11.24",
        "@types/react": "18.2.61",
        "@types/react-dom": "18.2.19",
        "@types/sqlite3": "3.1.11",
        "autoprefixer": "10.4.18",
        "eslint": "8.57.0",
        "eslint-config-next": "14.2.5",
        "postcss": "8.4.35",
        "tailwindcss": "3.4.0",
        "typescript": "5.4.5"
      }
    }
  }
}